
Microsoft Visual Studio Solution File, Format Version 12.00
# Visual Studio Version 17
VisualStudioVersion = 17.2.32630.192
MinimumVisualStudioVersion = 10.0.40219.1
Project("{FAE04EC0-301F-11D3-BF4B-00C04F79EFBC}") = "GestionBibliotheque.ApplicationCore", "GestionBibliotheque.ApplicationCore\GestionBibliotheque.ApplicationCore.csproj", "{2C7C29CC-4E43-4DAD-833B-0357CF22A0F5}"
EndProject
Project("{FAE04EC0-301F-11D3-BF4B-00C04F79EFBC}") = "GestionBibliotheque.Infrastructure", "GestionBibliotheque.Infrastructure\GestionBibliotheque.Infrastructure.csproj", "{7BF9986B-1C83-4C9D-B292-7F9F82EB1E3F}"
EndProject
Project("{FAE04EC0-301F-11D3-BF4B-00C04F79EFBC}") = "GestionBibliotheque.UI.Web", "GestionBibliotheque.UI.Web\GestionBibliotheque.UI.Web.csproj", "{ABD20F1C-8030-4908-A793-C3DD178F9257}"
EndProject
Global
	GlobalSection(SolutionConfigurationPlatforms) = preSolution
		Debug|Any CPU = Debug|Any CPU
		Release|Any CPU = Release|Any CPU
	EndGlobalSection
	GlobalSection(ProjectConfigurationPlatforms) = postSolution
		{2C7C29CC-4E43-4DAD-833B-0357CF22A0F5}.Debug|Any CPU.ActiveCfg = Debug|Any CPU
		{2C7C29CC-4E43-4DAD-833B-0357CF22A0F5}.Debug|Any CPU.Build.0 = Debug|Any CPU
		{2C7C29CC-4E43-4DAD-833B-0357CF22A0F5}.Release|Any CPU.ActiveCfg = Release|Any CPU
		{2C7C29CC-4E43-4DAD-833B-0357CF22A0F5}.Release|Any CPU.Build.0 = Release|Any CPU
		{7BF9986B-1C83-4C9D-B292-7F9F82EB1E3F}.Debug|Any CPU.ActiveCfg = Debug|Any CPU
		{7BF9986B-1C83-4C9D-B292-7F9F82EB1E3F}.Debug|Any CPU.Build.0 = Debug|Any CPU
		{7BF9986B-1C83-4C9D-B292-7F9F82EB1E3F}.Release|Any CPU.ActiveCfg = Release|Any CPU
		{7BF9986B-1C83-4C9D-B292-7F9F82EB1E3F}.Release|Any CPU.Build.0 = Release|Any CPU
		{ABD20F1C-8030-4908-A793-C3DD178F9257}.Debug|Any CPU.ActiveCfg = Debug|Any CPU
		{ABD20F1C-8030-4908-A793-C3DD178F9257}.Debug|Any CPU.Build.0 = Debug|Any CPU
		{ABD20F1C-8030-4908-A793-C3DD178F9257}.Release|Any CPU.ActiveCfg = Release|Any CPU
		{ABD20F1C-8030-4908-A793-C3DD178F9257}.Release|Any CPU.Build.0 = Release|Any CPU
	EndGlobalSection
	GlobalSection(SolutionProperties) = preSolution
		HideSolutionNode = FALSE
	EndGlobalSection
	GlobalSection(ExtensibilityGlobals) = postSolution
		SolutionGuid = {936B6962-3C65-4145-9335-94183B4998EB}
	EndGlobalSection
EndGlobal
